
Microsoft Visual Studio Solution File, Format Version 12.00
# Visual Studio Version 17
VisualStudioVersion = 17.5.002.0
MinimumVisualStudioVersion = 10.0.40219.1
Project("{9A19103F-16F7-4668-BE54-9A1E7A4F7556}") = "Neural.NET.Tests", "Neural.NET.Tests.csproj", "{5E066ECA-5B5D-493D-B6DD-3EAE43DCE523}"
EndProject
Global
	GlobalSection(SolutionConfigurationPlatforms) = preSolution
		Debug|Any CPU = Debug|Any CPU
		Release|Any CPU = Release|Any CPU
	EndGlobalSection
	GlobalSection(ProjectConfigurationPlatforms) = postSolution
		{5E066ECA-5B5D-493D-B6DD-3EAE43DCE523}.Debug|Any CPU.ActiveCfg = Debug|Any CPU
		{5E066ECA-5B5D-493D-B6DD-3EAE43DCE523}.Debug|Any CPU.Build.0 = Debug|Any CPU
		{5E066ECA-5B5D-493D-B6DD-3EAE43DCE523}.Release|Any CPU.ActiveCfg = Release|Any CPU
		{5E066ECA-5B5D-493D-B6DD-3EAE43DCE523}.Release|Any CPU.Build.0 = Release|Any CPU
	EndGlobalSection
	GlobalSection(SolutionProperties) = preSolution
		HideSolutionNode = FALSE
	EndGlobalSection
	GlobalSection(ExtensibilityGlobals) = postSolution
		SolutionGuid = {ABD14FFE-CC7C-4EB4-9284-D726790B83B3}
	EndGlobalSection
EndGlobal
